// !$*UTF8*$!
{
	archiveVersion = 1;
	classes = {
	};
	objectVersion = 55;
	objects = {

/* Begin PBXBuildFile section */
		B149C5C6284BC52D0048655E /* APIHandler.swift in Sources */ = {isa = PBXBuildFile; fileRef = B149C5C5284BC52D0048655E /* APIHandler.swift */; };
		B149C5C8284BC5570048655E /* ResponseHandler.swift in Sources */ = {isa = PBXBuildFile; fileRef = B149C5C7284BC5570048655E /* ResponseHandler.swift */; };
		B149C5CA284BC5B20048655E /* CustomError.swift in Sources */ = {isa = PBXBuildFile; fileRef = B149C5C9284BC5B20048655E /* CustomError.swift */; };
		B149C5CD284BC9CA0048655E /* UIViewControllerExtension.swift in Sources */ = {isa = PBXBuildFile; fileRef = B149C5CC284BC9CA0048655E /* UIViewControllerExtension.swift */; };
		B168135A284E79640043EEB3 /* LoadingCollectionReusableView.swift in Sources */ = {isa = PBXBuildFile; fileRef = B1681358284E79640043EEB3 /* LoadingCollectionReusableView.swift */; };
		B168135B284E79640043EEB3 /* LoadingCollectionReusableView.xib in Resources */ = {isa = PBXBuildFile; fileRef = B1681359284E79640043EEB3 /* LoadingCollectionReusableView.xib */; };
		B182074A28499EAF00AFD010 /* PhotoCollectionViewCell.swift in Sources */ = {isa = PBXBuildFile; fileRef = B182074828499EAF00AFD010 /* PhotoCollectionViewCell.swift */; };
		B182074B28499EAF00AFD010 /* PhotoCollectionViewCell.xib in Resources */ = {isa = PBXBuildFile; fileRef = B182074928499EAF00AFD010 /* PhotoCollectionViewCell.xib */; };
		B18207502849A52600AFD010 /* NetworkManager.swift in Sources */ = {isa = PBXBuildFile; fileRef = B182074F2849A52600AFD010 /* NetworkManager.swift */; };
		B18207542849AE7F00AFD010 /* Constants.swift in Sources */ = {isa = PBXBuildFile; fileRef = B18207532849AE7F00AFD010 /* Constants.swift */; };
		B18207562849B03C00AFD010 /* PhotoListResponses.swift in Sources */ = {isa = PBXBuildFile; fileRef = B18207552849B03C00AFD010 /* PhotoListResponses.swift */; };
		B1A837A8284DC9F100FD2F84 /* UserModel.swift in Sources */ = {isa = PBXBuildFile; fileRef = B1A837A7284DC9F100FD2F84 /* UserModel.swift */; };
		B1A837AA284DCACE00FD2F84 /* ProfileImageModel.swift in Sources */ = {isa = PBXBuildFile; fileRef = B1A837A9284DCACE00FD2F84 /* ProfileImageModel.swift */; };
		B1A837B0284DE31300FD2F84 /* DownloadedImageModel.swift in Sources */ = {isa = PBXBuildFile; fileRef = B1A837AF284DE31300FD2F84 /* DownloadedImageModel.swift */; };
		B1C89B32284B4BC9002A4B25 /* UIImageExtension.swift in Sources */ = {isa = PBXBuildFile; fileRef = B1C89B31284B4BC9002A4B25 /* UIImageExtension.swift */; };
		B1C89B38284B6229002A4B25 /* PhotoDetailViewController.swift in Sources */ = {isa = PBXBuildFile; fileRef = B1C89B37284B6229002A4B25 /* PhotoDetailViewController.swift */; };
		B1C89B3B284B7DB2002A4B25 /* URLExtension.swift in Sources */ = {isa = PBXBuildFile; fileRef = B1C89B3A284B7DB2002A4B25 /* URLExtension.swift */; };
		B1D2A3F028491063003728DD /* AppDelegate.swift in Sources */ = {isa = PBXBuildFile; fileRef = B1D2A3EF28491063003728DD /* AppDelegate.swift */; };
		B1D2A3F228491063003728DD /* SceneDelegate.swift in Sources */ = {isa = PBXBuildFile; fileRef = B1D2A3F128491063003728DD /* SceneDelegate.swift */; };
		B1D2A3F428491063003728DD /* PhotoListViewController.swift in Sources */ = {isa = PBXBuildFile; fileRef = B1D2A3F328491063003728DD /* PhotoListViewController.swift */; };
		B1D2A3F728491063003728DD /* Main.storyboard in Resources */ = {isa = PBXBuildFile; fileRef = B1D2A3F528491063003728DD /* Main.storyboard */; };
		B1D2A3F928491068003728DD /* Assets.xcassets in Resources */ = {isa = PBXBuildFile; fileRef = B1D2A3F828491068003728DD /* Assets.xcassets */; };
		B1D2A3FC28491068003728DD /* LaunchScreen.storyboard in Resources */ = {isa = PBXBuildFile; fileRef = B1D2A3FA28491068003728DD /* LaunchScreen.storyboard */; };
		B1D77844284D09EF00C19618 /* SavedPhotoViewController.swift in Sources */ = {isa = PBXBuildFile; fileRef = B1D77843284D09EF00C19618 /* SavedPhotoViewController.swift */; };
/* End PBXBuildFile section */

/* Begin PBXFileReference section */
		B149C5C5284BC52D0048655E /* APIHandler.swift */ = {isa = PBXFileReference; lastKnownFileType = sourcecode.swift; path = APIHandler.swift; sourceTree = "<group>"; };
		B149C5C7284BC5570048655E /* ResponseHandler.swift */ = {isa = PBXFileReference; lastKnownFileType = sourcecode.swift; path = ResponseHandler.swift; sourceTree = "<group>"; };
		B149C5C9284BC5B20048655E /* CustomError.swift */ = {isa = PBXFileReference; lastKnownFileType = sourcecode.swift; path = CustomError.swift; sourceTree = "<group>"; };
		B149C5CC284BC9CA0048655E /* UIViewControllerExtension.swift */ = {isa = PBXFileReference; lastKnownFileType = sourcecode.swift; path = UIViewControllerExtension.swift; sourceTree = "<group>"; };
		B1681358284E79640043EEB3 /* LoadingCollectionReusableView.swift */ = {isa = PBXFileReference; lastKnownFileType = sourcecode.swift; path = LoadingCollectionReusableView.swift; sourceTree = "<group>"; };
		B1681359284E79640043EEB3 /* LoadingCollectionReusableView.xib */ = {isa = PBXFileReference; lastKnownFileType = file.xib; path = LoadingCollectionReusableView.xib; sourceTree = "<group>"; };
		B182074828499EAF00AFD010 /* PhotoCollectionViewCell.swift */ = {isa = PBXFileReference; lastKnownFileType = sourcecode.swift; path = PhotoCollectionViewCell.swift; sourceTree = "<group>"; };
		B182074928499EAF00AFD010 /* PhotoCollectionViewCell.xib */ = {isa = PBXFileReference; lastKnownFileType = file.xib; path = PhotoCollectionViewCell.xib; sourceTree = "<group>"; };
		B182074F2849A52600AFD010 /* NetworkManager.swift */ = {isa = PBXFileReference; lastKnownFileType = sourcecode.swift; path = NetworkManager.swift; sourceTree = "<group>"; };
		B18207532849AE7F00AFD010 /* Constants.swift */ = {isa = PBXFileReference; lastKnownFileType = sourcecode.swift; path = Constants.swift; sourceTree = "<group>"; };
		B18207552849B03C00AFD010 /* PhotoListResponses.swift */ = {isa = PBXFileReference; lastKnownFileType = sourcecode.swift; path = PhotoListResponses.swift; sourceTree = "<group>"; };
		B1A837A7284DC9F100FD2F84 /* UserModel.swift */ = {isa = PBXFileReference; lastKnownFileType = sourcecode.swift; path = UserModel.swift; sourceTree = "<group>"; };
		B1A837A9284DCACE00FD2F84 /* ProfileImageModel.swift */ = {isa = PBXFileReference; lastKnownFileType = sourcecode.swift; path = ProfileImageModel.swift; sourceTree = "<group>"; };
		B1A837AF284DE31300FD2F84 /* DownloadedImageModel.swift */ = {isa = PBXFileReference; lastKnownFileType = sourcecode.swift; path = DownloadedImageModel.swift; sourceTree = "<group>"; };
		B1C89B31284B4BC9002A4B25 /* UIImageExtension.swift */ = {isa = PBXFileReference; lastKnownFileType = sourcecode.swift; path = UIImageExtension.swift; sourceTree = "<group>"; };
		B1C89B37284B6229002A4B25 /* PhotoDetailViewController.swift */ = {isa = PBXFileReference; lastKnownFileType = sourcecode.swift; path = PhotoDetailViewController.swift; sourceTree = "<group>"; };
		B1C89B3A284B7DB2002A4B25 /* URLExtension.swift */ = {isa = PBXFileReference; lastKnownFileType = sourcecode.swift; path = URLExtension.swift; sourceTree = "<group>"; };
		B1D2A3EC28491063003728DD /* GalleryOfPhotos.app */ = {isa = PBXFileReference; explicitFileType = wrapper.application; includeInIndex = 0; path = GalleryOfPhotos.app; sourceTree = BUILT_PRODUCTS_DIR; };
		B1D2A3EF28491063003728DD /* AppDelegate.swift */ = {isa = PBXFileReference; lastKnownFileType = sourcecode.swift; path = AppDelegate.swift; sourceTree = "<group>"; };
		B1D2A3F128491063003728DD /* SceneDelegate.swift */ = {isa = PBXFileReference; lastKnownFileType = sourcecode.swift; path = SceneDelegate.swift; sourceTree = "<group>"; };
		B1D2A3F328491063003728DD /* PhotoListViewController.swift */ = {isa = PBXFileReference; lastKnownFileType = sourcecode.swift; path = PhotoListViewController.swift; sourceTree = "<group>"; };
		B1D2A3F628491063003728DD /* Base */ = {isa = PBXFileReference; lastKnownFileType = file.storyboard; name = Base; path = Base.lproj/Main.storyboard; sourceTree = "<group>"; };
		B1D2A3F828491068003728DD /* Assets.xcassets */ = {isa = PBXFileReference; lastKnownFileType = folder.assetcatalog; path = Assets.xcassets; sourceTree = "<group>"; };
		B1D2A3FB28491068003728DD /* Base */ = {isa = PBXFileReference; lastKnownFileType = file.storyboard; name = Base; path = Base.lproj/LaunchScreen.storyboard; sourceTree = "<group>"; };
		B1D2A3FD28491068003728DD /* Info.plist */ = {isa = PBXFileReference; lastKnownFileType = text.plist.xml; path = Info.plist; sourceTree = "<group>"; };
		B1D77843284D09EF00C19618 /* SavedPhotoViewController.swift */ = {isa = PBXFileReference; lastKnownFileType = sourcecode.swift; path = SavedPhotoViewController.swift; sourceTree = "<group>"; };
/* End PBXFileReference section */

/* Begin PBXFrameworksBuildPhase section */
		B1D2A3E928491063003728DD /* Frameworks */ = {
			isa = PBXFrameworksBuildPhase;
			buildActionMask = 2147483647;
			files = (
			);
			runOnlyForDeploymentPostprocessing = 0;
		};
/* End PBXFrameworksBuildPhase section */

/* Begin PBXGroup section */
		B149C5CB284BC6400048655E /* Views */ = {
			isa = PBXGroup;
			children = (
				B182074C28499EB700AFD010 /* PhotoCollectionViewCell */,
				B1C89B39284B69F9002A4B25 /* Storyboards */,
				B168135C284E796A0043EEB3 /* LoadingCollectionReusableView */,
			);
			path = Views;
			sourceTree = "<group>";
		};
		B168135C284E796A0043EEB3 /* LoadingCollectionReusableView */ = {
			isa = PBXGroup;
			children = (
				B1681358284E79640043EEB3 /* LoadingCollectionReusableView.swift */,
				B1681359284E79640043EEB3 /* LoadingCollectionReusableView.xib */,
			);
			path = LoadingCollectionReusableView;
			sourceTree = "<group>";
		};
		B182074C28499EB700AFD010 /* PhotoCollectionViewCell */ = {
			isa = PBXGroup;
			children = (
				B182074828499EAF00AFD010 /* PhotoCollectionViewCell.swift */,
				B182074928499EAF00AFD010 /* PhotoCollectionViewCell.xib */,
			);
			path = PhotoCollectionViewCell;
			sourceTree = "<group>";
		};
		B18207512849A66200AFD010 /* Models */ = {
			isa = PBXGroup;
			children = (
				B18207552849B03C00AFD010 /* PhotoListResponses.swift */,
				B1A837AF284DE31300FD2F84 /* DownloadedImageModel.swift */,
				B1A837A7284DC9F100FD2F84 /* UserModel.swift */,
				B1A837A9284DCACE00FD2F84 /* ProfileImageModel.swift */,
			);
			path = Models;
			sourceTree = "<group>";
		};
		B18207522849A68000AFD010 /* Delegates */ = {
			isa = PBXGroup;
			children = (
				B1D2A3EF28491063003728DD /* AppDelegate.swift */,
				B1D2A3F128491063003728DD /* SceneDelegate.swift */,
			);
			path = Delegates;
			sourceTree = "<group>";
		};
		B1C89B30284B4BAA002A4B25 /* Extensions */ = {
			isa = PBXGroup;
			children = (
				B1C89B31284B4BC9002A4B25 /* UIImageExtension.swift */,
				B1C89B3A284B7DB2002A4B25 /* URLExtension.swift */,
				B149C5CC284BC9CA0048655E /* UIViewControllerExtension.swift */,
			);
			path = Extensions;
			sourceTree = "<group>";
		};
		B1C89B33284B5ADF002A4B25 /* Utilities */ = {
			isa = PBXGroup;
			children = (
				B18207532849AE7F00AFD010 /* Constants.swift */,
				B149C5C5284BC52D0048655E /* APIHandler.swift */,
				B149C5C7284BC5570048655E /* ResponseHandler.swift */,
				B149C5C9284BC5B20048655E /* CustomError.swift */,
			);
			path = Utilities;
			sourceTree = "<group>";
		};
		B1C89B34284B5AF3002A4B25 /* NetworkManager */ = {
			isa = PBXGroup;
			children = (
				B182074F2849A52600AFD010 /* NetworkManager.swift */,
			);
			path = NetworkManager;
			sourceTree = "<group>";
		};
		B1C89B36284B5B22002A4B25 /* Controllers */ = {
			isa = PBXGroup;
			children = (
				B1D2A3F328491063003728DD /* PhotoListViewController.swift */,
				B1C89B37284B6229002A4B25 /* PhotoDetailViewController.swift */,
				B1D77843284D09EF00C19618 /* SavedPhotoViewController.swift */,
			);
			path = Controllers;
			sourceTree = "<group>";
		};
		B1C89B39284B69F9002A4B25 /* Storyboards */ = {
			isa = PBXGroup;
			children = (
				B1D2A3F528491063003728DD /* Main.storyboard */,
				B1D2A3FA28491068003728DD /* LaunchScreen.storyboard */,
			);
			path = Storyboards;
			sourceTree = "<group>";
		};
		B1D2A3E328491063003728DD = {
			isa = PBXGroup;
			children = (
				B1D2A3EE28491063003728DD /* GalleryOfPhotos */,
				B1D2A3ED28491063003728DD /* Products */,
			);
			sourceTree = "<group>";
		};
		B1D2A3ED28491063003728DD /* Products */ = {
			isa = PBXGroup;
			children = (
				B1D2A3EC28491063003728DD /* GalleryOfPhotos.app */,
			);
			name = Products;
			sourceTree = "<group>";
		};
		B1D2A3EE28491063003728DD /* GalleryOfPhotos */ = {
			isa = PBXGroup;
			children = (
				B1C89B30284B4BAA002A4B25 /* Extensions */,
				B18207522849A68000AFD010 /* Delegates */,
				B18207512849A66200AFD010 /* Models */,
				B1C89B36284B5B22002A4B25 /* Controllers */,
				B1C89B33284B5ADF002A4B25 /* Utilities */,
				B1C89B34284B5AF3002A4B25 /* NetworkManager */,
				B149C5CB284BC6400048655E /* Views */,
				B1D2A3F828491068003728DD /* Assets.xcassets */,
				B1D2A3FD28491068003728DD /* Info.plist */,
			);
			path = GalleryOfPhotos;
			sourceTree = "<group>";
		};
/* End PBXGroup section */

/* Begin PBXNativeTarget section */
		B1D2A3EB28491063003728DD /* GalleryOfPhotos */ = {
			isa = PBXNativeTarget;
			buildConfigurationList = B1D2A40028491068003728DD /* Build configuration list for PBXNativeTarget "GalleryOfPhotos" */;
			buildPhases = (
				B1D2A3E828491063003728DD /* Sources */,
				B1D2A3E928491063003728DD /* Frameworks */,
				B1D2A3EA28491063003728DD /* Resources */,
			);
			buildRules = (
			);
			dependencies = (
			);
			name = GalleryOfPhotos;
			packageProductDependencies = (
			);
			productName = GalleryOfPhotos;
			productReference = B1D2A3EC28491063003728DD /* GalleryOfPhotos.app */;
			productType = "com.apple.product-type.application";
		};
/* End PBXNativeTarget section */

/* Begin PBXProject section */
		B1D2A3E428491063003728DD /* Project object */ = {
			isa = PBXProject;
			attributes = {
				BuildIndependentTargetsInParallel = 1;
				LastSwiftUpdateCheck = 1340;
				LastUpgradeCheck = 1340;
				TargetAttributes = {
					B1D2A3EB28491063003728DD = {
						CreatedOnToolsVersion = 13.4;
					};
				};
			};
			buildConfigurationList = B1D2A3E728491063003728DD /* Build configuration list for PBXProject "GalleryOfPhotos" */;
			compatibilityVersion = "Xcode 13.0";
			developmentRegion = en;
			hasScannedForEncodings = 0;
			knownRegions = (
				en,
				Base,
			);
			mainGroup = B1D2A3E328491063003728DD;
			packageReferences = (
			);
			productRefGroup = B1D2A3ED28491063003728DD /* Products */;
			projectDirPath = "";
			projectRoot = "";
			targets = (
				B1D2A3EB28491063003728DD /* GalleryOfPhotos */,
			);
		};
/* End PBXProject section */

/* Begin PBXResourcesBuildPhase section */
		B1D2A3EA28491063003728DD /* Resources */ = {
			isa = PBXResourcesBuildPhase;
			buildActionMask = 2147483647;
			files = (
				B1D2A3FC28491068003728DD /* LaunchScreen.storyboard in Resources */,
				B182074B28499EAF00AFD010 /* PhotoCollectionViewCell.xib in Resources */,
				B1D2A3F928491068003728DD /* Assets.xcassets in Resources */,
				B168135B284E79640043EEB3 /* LoadingCollectionReusableView.xib in Resources */,
				B1D2A3F728491063003728DD /* Main.storyboard in Resources */,
			);
			runOnlyForDeploymentPostprocessing = 0;
		};
/* End PBXResourcesBuildPhase section */

/* Begin PBXSourcesBuildPhase section */
		B1D2A3E828491063003728DD /* Sources */ = {
			isa = PBXSourcesBuildPhase;
			buildActionMask = 2147483647;
			files = (
				B1C89B3B284B7DB2002A4B25 /* URLExtension.swift in Sources */,
				B1D77844284D09EF00C19618 /* SavedPhotoViewController.swift in Sources */,
				B18207502849A52600AFD010 /* NetworkManager.swift in Sources */,
				B1A837A8284DC9F100FD2F84 /* UserModel.swift in Sources */,
				B1A837B0284DE31300FD2F84 /* DownloadedImageModel.swift in Sources */,
				B168135A284E79640043EEB3 /* LoadingCollectionReusableView.swift in Sources */,
				B149C5CD284BC9CA0048655E /* UIViewControllerExtension.swift in Sources */,
				B149C5C8284BC5570048655E /* ResponseHandler.swift in Sources */,
				B1A837AA284DCACE00FD2F84 /* ProfileImageModel.swift in Sources */,
				B149C5C6284BC52D0048655E /* APIHandler.swift in Sources */,
				B1D2A3F428491063003728DD /* PhotoListViewController.swift in Sources */,
				B182074A28499EAF00AFD010 /* PhotoCollectionViewCell.swift in Sources */,
				B149C5CA284BC5B20048655E /* CustomError.swift in Sources */,
				B18207542849AE7F00AFD010 /* Constants.swift in Sources */,
				B1C89B32284B4BC9002A4B25 /* UIImageExtension.swift in Sources */,
				B1D2A3F028491063003728DD /* AppDelegate.swift in Sources */,
				B1D2A3F228491063003728DD /* SceneDelegate.swift in Sources */,
				B18207562849B03C00AFD010 /* PhotoListResponses.swift in Sources */,
				B1C89B38284B6229002A4B25 /* PhotoDetailViewController.swift in Sources */,
			);
			runOnlyForDeploymentPostprocessing = 0;
		};
/* End PBXSourcesBuildPhase section */

/* Begin PBXVariantGroup section */
		B1D2A3F528491063003728DD /* Main.storyboard */ = {
			isa = PBXVariantGroup;
			children = (
				B1D2A3F628491063003728DD /* Base */,
			);
			name = Main.storyboard;
			sourceTree = "<group>";
		};
		B1D2A3FA28491068003728DD /* LaunchScreen.storyboard */ = {
			isa = PBXVariantGroup;
			children = (
				B1D2A3FB28491068003728DD /* Base */,
			);
			name = LaunchScreen.storyboard;
			sourceTree = "<group>";
		};
/* End PBXVariantGroup section */

/* Begin XCBuildConfiguration section */
		B1D2A3FE28491068003728DD /* Debug */ = {
			isa = XCBuildConfiguration;
			buildSettings = {
				ALWAYS_SEARCH_USER_PATHS = NO;
				CLANG_ANALYZER_NONNULL = YES;
				CLANG_ANALYZER_NUMBER_OBJECT_CONVERSION = YES_AGGRESSIVE;
				CLANG_CXX_LANGUAGE_STANDARD = "gnu++17";
				CLANG_ENABLE_MODULES = YES;
				CLANG_ENABLE_OBJC_ARC = YES;
				CLANG_ENABLE_OBJC_WEAK = YES;
				CLANG_WARN_BLOCK_CAPTURE_AUTORELEASING = YES;
				CLANG_WARN_BOOL_CONVERSION = YES;
				CLANG_WARN_COMMA = YES;
				CLANG_WARN_CONSTANT_CONVERSION = YES;
				CLANG_WARN_DEPRECATED_OBJC_IMPLEMENTATIONS = YES;
				CLANG_WARN_DIRECT_OBJC_ISA_USAGE = YES_ERROR;
				CLANG_WARN_DOCUMENTATION_COMMENTS = YES;
				CLANG_WARN_EMPTY_BODY = YES;
				CLANG_WARN_ENUM_CONVERSION = YES;
				CLANG_WARN_INFINITE_RECURSION = YES;
				CLANG_WARN_INT_CONVERSION = YES;
				CLANG_WARN_NON_LITERAL_NULL_CONVERSION = YES;
				CLANG_WARN_OBJC_IMPLICIT_RETAIN_SELF = YES;
				CLANG_WARN_OBJC_LITERAL_CONVERSION = YES;
				CLANG_WARN_OBJC_ROOT_CLASS = YES_ERROR;
				CLANG_WARN_QUOTED_INCLUDE_IN_FRAMEWORK_HEADER = YES;
				CLANG_WARN_RANGE_LOOP_ANALYSIS = YES;
				CLANG_WARN_STRICT_PROTOTYPES = YES;
				CLANG_WARN_SUSPICIOUS_MOVE = YES;
				CLANG_WARN_UNGUARDED_AVAILABILITY = YES_AGGRESSIVE;
				CLANG_WARN_UNREACHABLE_CODE = YES;
				CLANG_WARN__DUPLICATE_METHOD_MATCH = YES;
				COPY_PHASE_STRIP = NO;
				DEBUG_INFORMATION_FORMAT = dwarf;
				ENABLE_STRICT_OBJC_MSGSEND = YES;
				ENABLE_TESTABILITY = YES;
				GCC_C_LANGUAGE_STANDARD = gnu11;
				GCC_DYNAMIC_NO_PIC = NO;
				GCC_NO_COMMON_BLOCKS = YES;
				GCC_OPTIMIZATION_LEVEL = 0;
				GCC_PREPROCESSOR_DEFINITIONS = (
					"DEBUG=1",
					"$(inherited)",
				);
				GCC_WARN_64_TO_32_BIT_CONVERSION = YES;
				GCC_WARN_ABOUT_RETURN_TYPE = YES_ERROR;
				GCC_WARN_UNDECLARED_SELECTOR = YES;
				GCC_WARN_UNINITIALIZED_AUTOS = YES_AGGRESSIVE;
				GCC_WARN_UNUSED_FUNCTION = YES;
				GCC_WARN_UNUSED_VARIABLE = YES;
				IPHONEOS_DEPLOYMENT_TARGET = 15.5;
				MTL_ENABLE_DEBUG_INFO = INCLUDE_SOURCE;
				MTL_FAST_MATH = YES;
				ONLY_ACTIVE_ARCH = YES;
				SDKROOT = iphoneos;
				SWIFT_ACTIVE_COMPILATION_CONDITIONS = DEBUG;
				SWIFT_OPTIMIZATION_LEVEL = "-Onone";
			};
			name = Debug;
		};
		B1D2A3FF28491068003728DD /* Release */ = {
			isa = XCBuildConfiguration;
			buildSettings = {
				ALWAYS_SEARCH_USER_PATHS = NO;
				CLANG_ANALYZER_NONNULL = YES;
				CLANG_ANALYZER_NUMBER_OBJECT_CONVERSION = YES_AGGRESSIVE;
				CLANG_CXX_LANGUAGE_STANDARD = "gnu++17";
				CLANG_ENABLE_MODULES = YES;
				CLANG_ENABLE_OBJC_ARC = YES;
				CLANG_ENABLE_OBJC_WEAK = YES;
				CLANG_WARN_BLOCK_CAPTURE_AUTORELEASING = YES;
				CLANG_WARN_BOOL_CONVERSION = YES;
				CLANG_WARN_COMMA = YES;
				CLANG_WARN_CONSTANT_CONVERSION = YES;
				CLANG_WARN_DEPRECATED_OBJC_IMPLEMENTATIONS = YES;
				CLANG_WARN_DIRECT_OBJC_ISA_USAGE = YES_ERROR;
				CLANG_WARN_DOCUMENTATION_COMMENTS = YES;
				CLANG_WARN_EMPTY_BODY = YES;
				CLANG_WARN_ENUM_CONVERSION = YES;
				CLANG_WARN_INFINITE_RECURSION = YES;
				CLANG_WARN_INT_CONVERSION = YES;
				CLANG_WARN_NON_LITERAL_NULL_CONVERSION = YES;
				CLANG_WARN_OBJC_IMPLICIT_RETAIN_SELF = YES;
				CLANG_WARN_OBJC_LITERAL_CONVERSION = YES;
				CLANG_WARN_OBJC_ROOT_CLASS = YES_ERROR;
				CLANG_WARN_QUOTED_INCLUDE_IN_FRAMEWORK_HEADER = YES;
				CLANG_WARN_RANGE_LOOP_ANALYSIS = YES;
				CLANG_WARN_STRICT_PROTOTYPES = YES;
				CLANG_WARN_SUSPICIOUS_MOVE = YES;
				CLANG_WARN_UNGUARDED_AVAILABILITY = YES_AGGRESSIVE;
				CLANG_WARN_UNREACHABLE_CODE = YES;
				CLANG_WARN__DUPLICATE_METHOD_MATCH = YES;
				COPY_PHASE_STRIP = NO;
				DEBUG_INFORMATION_FORMAT = "dwarf-with-dsym";
				ENABLE_NS_ASSERTIONS = NO;
				ENABLE_STRICT_OBJC_MSGSEND = YES;
				GCC_C_LANGUAGE_STANDARD = gnu11;
				GCC_NO_COMMON_BLOCKS = YES;
				GCC_WARN_64_TO_32_BIT_CONVERSION = YES;
				GCC_WARN_ABOUT_RETURN_TYPE = YES_ERROR;
				GCC_WARN_UNDECLARED_SELECTOR = YES;
				GCC_WARN_UNINITIALIZED_AUTOS = YES_AGGRESSIVE;
				GCC_WARN_UNUSED_FUNCTION = YES;
				GCC_WARN_UNUSED_VARIABLE = YES;
				IPHONEOS_DEPLOYMENT_TARGET = 15.5;
				MTL_ENABLE_DEBUG_INFO = NO;
				MTL_FAST_MATH = YES;
				SDKROOT = iphoneos;
				SWIFT_COMPILATION_MODE = wholemodule;
				SWIFT_OPTIMIZATION_LEVEL = "-O";
				VALIDATE_PRODUCT = YES;
			};
			name = Release;
		};
		B1D2A40128491068003728DD /* Debug */ = {
			isa = XCBuildConfiguration;
			buildSettings = {
				ASSETCATALOG_COMPILER_APPICON_NAME = AppIcon;
				ASSETCATALOG_COMPILER_GLOBAL_ACCENT_COLOR_NAME = AccentColor;
				CODE_SIGN_STYLE = Automatic;
				CURRENT_PROJECT_VERSION = 1;
				DEVELOPMENT_TEAM = L44A9D86S6;
				GENERATE_INFOPLIST_FILE = YES;
				INFOPLIST_FILE = GalleryOfPhotos/Info.plist;
				INFOPLIST_KEY_UIApplicationSupportsIndirectInputEvents = YES;
				INFOPLIST_KEY_UILaunchStoryboardName = LaunchScreen;
				INFOPLIST_KEY_UIMainStoryboardFile = Main;
				INFOPLIST_KEY_UISupportedInterfaceOrientations_iPad = "UIInterfaceOrientationPortrait UIInterfaceOrientationPortraitUpsideDown UIInterfaceOrientationLandscapeLeft UIInterfaceOrientationLandscapeRight";
				INFOPLIST_KEY_UISupportedInterfaceOrientations_iPhone = "UIInterfaceOrientationPortrait UIInterfaceOrientationLandscapeLeft UIInterfaceOrientationLandscapeRight";
				LD_RUNPATH_SEARCH_PATHS = (
					"$(inherited)",
					"@executable_path/Frameworks",
				);
				MARKETING_VERSION = 1.0;
				PRODUCT_BUNDLE_IDENTIFIER = com.rafiulhasan.GalleryOfPhotos;
				PRODUCT_NAME = "$(TARGET_NAME)";
				SWIFT_EMIT_LOC_STRINGS = YES;
				SWIFT_VERSION = 5.0;
				TARGETED_DEVICE_FAMILY = "1,2";
			};
			name = Debug;
		};
		B1D2A40228491068003728DD /* Release */ = {
			isa = XCBuildConfiguration;
			buildSettings = {
				ASSETCATALOG_COMPILER_APPICON_NAME = AppIcon;
				ASSETCATALOG_COMPILER_GLOBAL_ACCENT_COLOR_NAME = AccentColor;
				CODE_SIGN_STYLE = Automatic;
				CURRENT_PROJECT_VERSION = 1;
				DEVELOPMENT_TEAM = L44A9D86S6;
				GENERATE_INFOPLIST_FILE = YES;
				INFOPLIST_FILE = GalleryOfPhotos/Info.plist;
				INFOPLIST_KEY_UIApplicationSupportsIndirectInputEvents = YES;
				INFOPLIST_KEY_UILaunchStoryboardName = LaunchScreen;
				INFOPLIST_KEY_UIMainStoryboardFile = Main;
				INFOPLIST_KEY_UISupportedInterfaceOrientations_iPad = "UIInterfaceOrientationPortrait UIInterfaceOrientationPortraitUpsideDown UIInterfaceOrientationLandscapeLeft UIInterfaceOrientationLandscapeRight";
				INFOPLIST_KEY_UISupportedInterfaceOrientations_iPhone = "UIInterfaceOrientationPortrait UIInterfaceOrientationLandscapeLeft UIInterfaceOrientationLandscapeRight";
				LD_RUNPATH_SEARCH_PATHS = (
					"$(inherited)",
					"@executable_path/Frameworks",
				);
				MARKETING_VERSION = 1.0;
				PRODUCT_BUNDLE_IDENTIFIER = com.rafiulhasan.GalleryOfPhotos;
				PRODUCT_NAME = "$(TARGET_NAME)";
				SWIFT_EMIT_LOC_STRINGS = YES;
				SWIFT_VERSION = 5.0;
				TARGETED_DEVICE_FAMILY = "1,2";
			};
			name = Release;
		};
/* End XCBuildConfiguration section */

/* Begin XCConfigurationList section */
		B1D2A3E728491063003728DD /* Build configuration list for PBXProject "GalleryOfPhotos" */ = {
			isa = XCConfigurationList;
			buildConfigurations = (
				B1D2A3FE28491068003728DD /* Debug */,
				B1D2A3FF28491068003728DD /* Release */,
			);
			defaultConfigurationIsVisible = 0;
			defaultConfigurationName = Release;
		};
		B1D2A40028491068003728DD /* Build configuration list for PBXNativeTarget "GalleryOfPhotos" */ = {
			isa = XCConfigurationList;
			buildConfigurations = (
				B1D2A40128491068003728DD /* Debug */,
				B1D2A40228491068003728DD /* Release */,
			);
			defaultConfigurationIsVisible = 0;
			defaultConfigurationName = Release;
		};
/* End XCConfigurationList section */
	};
	rootObject = B1D2A3E428491063003728DD /* Project object */;
}
